
Microsoft Visual Studio Solution File, Format Version 12.00
# Visual Studio Version 17
VisualStudioVersion = 17.11.35219.272
MinimumVisualStudioVersion = 10.0.40219.1
Project("{FAE04EC0-301F-11D3-BF4B-00C04F79EFBC}") = "Template Method Pattern", "Template Method Pattern\Template Method Pattern.csproj", "{20F43BD9-7684-466B-9A30-A7ABF2E5E421}"
EndProject
Global
	GlobalSection(SolutionConfigurationPlatforms) = preSolution
		Debug|Any CPU = Debug|Any CPU
		Release|Any CPU = Release|Any CPU
	EndGlobalSection
	GlobalSection(ProjectConfigurationPlatforms) = postSolution
		{20F43BD9-7684-466B-9A30-A7ABF2E5E421}.Debug|Any CPU.ActiveCfg = Debug|Any CPU
		{20F43BD9-7684-466B-9A30-A7ABF2E5E421}.Debug|Any CPU.Build.0 = Debug|Any CPU
		{20F43BD9-7684-466B-9A30-A7ABF2E5E421}.Release|Any CPU.ActiveCfg = Release|Any CPU
		{20F43BD9-7684-466B-9A30-A7ABF2E5E421}.Release|Any CPU.Build.0 = Release|Any CPU
	EndGlobalSection
	GlobalSection(SolutionProperties) = preSolution
		HideSolutionNode = FALSE
	EndGlobalSection
	GlobalSection(ExtensibilityGlobals) = postSolution
		SolutionGuid = {B48C12A3-7988-4F02-AACB-78C477E036B8}
	EndGlobalSection
EndGlobal
